
Microsoft Visual Studio Solution File, Format Version 12.00
# Visual Studio 15
VisualStudioVersion = 15.0.28010.2016
MinimumVisualStudioVersion = 10.0.40219.1
Project("{FAE04EC0-301F-11D3-BF4B-00C04F79EFBC}") = "DIYTabPage.Android", "DIYTabPage\DIYTabPage.Android\DIYTabPage.Android.csproj", "{BD05CDCA-3999-445B-B1A1-5D12E7985BDF}"
EndProject
Project("{FAE04EC0-301F-11D3-BF4B-00C04F79EFBC}") = "DIYTabPage.iOS", "DIYTabPage\DIYTabPage.iOS\DIYTabPage.iOS.csproj", "{EB9A249B-3451-4EFD-8938-CAA464C5B981}"
EndProject
Project("{FAE04EC0-301F-11D3-BF4B-00C04F79EFBC}") = "DIYTabPage.UWP", "DIYTabPage\DIYTabPage.UWP\DIYTabPage.UWP.csproj", "{5E4ACAD1-59F4-4C23-B8BF-1AB633AD597B}"
EndProject
Project("{FAE04EC0-301F-11D3-BF4B-00C04F79EFBC}") = "DIYTabPage", "DIYTabPage\DIYTabPage\DIYTabPage.csproj", "{E6F58BF9-36AD-4976-9052-4B8704F21B4B}"
EndProject
Global
	GlobalSection(SolutionConfigurationPlatforms) = preSolution
		Ad-Hoc|Any CPU = Ad-Hoc|Any CPU
		Ad-Hoc|ARM = Ad-Hoc|ARM
		Ad-Hoc|iPhone = Ad-Hoc|iPhone
		Ad-Hoc|iPhoneSimulator = Ad-Hoc|iPhoneSimulator
		Ad-Hoc|x64 = Ad-Hoc|x64
		Ad-Hoc|x86 = Ad-Hoc|x86
		AppStore|Any CPU = AppStore|Any CPU
		AppStore|ARM = AppStore|ARM
		AppStore|iPhone = AppStore|iPhone
		AppStore|iPhoneSimulator = AppStore|iPhoneSimulator
		AppStore|x64 = AppStore|x64
		AppStore|x86 = AppStore|x86
		Debug|Any CPU = Debug|Any CPU
		Debug|ARM = Debug|ARM
		Debug|iPhone = Debug|iPhone
		Debug|iPhoneSimulator = Debug|iPhoneSimulator
		Debug|x64 = Debug|x64
		Debug|x86 = Debug|x86
		Release|Any CPU = Release|Any CPU
		Release|ARM = Release|ARM
		Release|iPhone = Release|iPhone
		Release|iPhoneSimulator = Release|iPhoneSimulator
		Release|x64 = Release|x64
		Release|x86 = Release|x86
	EndGlobalSection
	GlobalSection(ProjectConfigurationPlatforms) = postSolution
		{BD05CDCA-3999-445B-B1A1-5D12E7985BDF}.Ad-Hoc|Any CPU.ActiveCfg = Release|Any CPU
		{BD05CDCA-3999-445B-B1A1-5D12E7985BDF}.Ad-Hoc|Any CPU.Build.0 = Release|Any CPU
		{BD05CDCA-3999-445B-B1A1-5D12E7985BDF}.Ad-Hoc|Any CPU.Deploy.0 = Release|Any CPU
		{BD05CDCA-3999-445B-B1A1-5D12E7985BDF}.Ad-Hoc|ARM.ActiveCfg = Release|Any CPU
		{BD05CDCA-3999-445B-B1A1-5D12E7985BDF}.Ad-Hoc|ARM.Build.0 = Release|Any CPU
		{BD05CDCA-3999-445B-B1A1-5D12E7985BDF}.Ad-Hoc|ARM.Deploy.0 = Release|Any CPU
		{BD05CDCA-3999-445B-B1A1-5D12E7985BDF}.Ad-Hoc|iPhone.ActiveCfg = Release|Any CPU
		{BD05CDCA-3999-445B-B1A1-5D12E7985BDF}.Ad-Hoc|iPhone.Build.0 = Release|Any CPU
		{BD05CDCA-3999-445B-B1A1-5D12E7985BDF}.Ad-Hoc|iPhone.Deploy.0 = Release|Any CPU
		{BD05CDCA-3999-445B-B1A1-5D12E7985BDF}.Ad-Hoc|iPhoneSimulator.ActiveCfg = Release|Any CPU
		{BD05CDCA-3999-445B-B1A1-5D12E7985BDF}.Ad-Hoc|iPhoneSimulator.Build.0 = Release|Any CPU
		{BD05CDCA-3999-445B-B1A1-5D12E7985BDF}.Ad-Hoc|iPhoneSimulator.Deploy.0 = Release|Any CPU
		{BD05CDCA-3999-445B-B1A1-5D12E7985BDF}.Ad-Hoc|x64.ActiveCfg = Release|Any CPU
		{BD05CDCA-3999-445B-B1A1-5D12E7985BDF}.Ad-Hoc|x64.Build.0 = Release|Any CPU
		{BD05CDCA-3999-445B-B1A1-5D12E7985BDF}.Ad-Hoc|x64.Deploy.0 = Release|Any CPU
		{BD05CDCA-3999-445B-B1A1-5D12E7985BDF}.Ad-Hoc|x86.ActiveCfg = Release|Any CPU
		{BD05CDCA-3999-445B-B1A1-5D12E7985BDF}.Ad-Hoc|x86.Build.0 = Release|Any CPU
		{BD05CDCA-3999-445B-B1A1-5D12E7985BDF}.Ad-Hoc|x86.Deploy.0 = Release|Any CPU
		{BD05CDCA-3999-445B-B1A1-5D12E7985BDF}.AppStore|Any CPU.ActiveCfg = Release|Any CPU
		{BD05CDCA-3999-445B-B1A1-5D12E7985BDF}.AppStore|Any CPU.Build.0 = Release|Any CPU
		{BD05CDCA-3999-445B-B1A1-5D12E7985BDF}.AppStore|Any CPU.Deploy.0 = Release|Any CPU
		{BD05CDCA-3999-445B-B1A1-5D12E7985BDF}.AppStore|ARM.ActiveCfg = Release|Any CPU
		{BD05CDCA-3999-445B-B1A1-5D12E7985BDF}.AppStore|ARM.Build.0 = Release|Any CPU
		{BD05CDCA-3999-445B-B1A1-5D12E7985BDF}.AppStore|ARM.Deploy.0 = Release|Any CPU
		{BD05CDCA-3999-445B-B1A1-5D12E7985BDF}.AppStore|iPhone.ActiveCfg = Release|Any CPU
		{BD05CDCA-3999-445B-B1A1-5D12E7985BDF}.AppStore|iPhone.Build.0 = Release|Any CPU
		{BD05CDCA-3999-445B-B1A1-5D12E7985BDF}.AppStore|iPhone.Deploy.0 = Release|Any CPU
		{BD05CDCA-3999-445B-B1A1-5D12E7985BDF}.AppStore|iPhoneSimulator.ActiveCfg = Release|Any CPU
		{BD05CDCA-3999-445B-B1A1-5D12E7985BDF}.AppStore|iPhoneSimulator.Build.0 = Release|Any CPU
		{BD05CDCA-3999-445B-B1A1-5D12E7985BDF}.AppStore|iPhoneSimulator.Deploy.0 = Release|Any CPU
		{BD05CDCA-3999-445B-B1A1-5D12E7985BDF}.AppStore|x64.ActiveCfg = Release|Any CPU
		{BD05CDCA-3999-445B-B1A1-5D12E7985BDF}.AppStore|x64.Build.0 = Release|Any CPU
		{BD05CDCA-3999-445B-B1A1-5D12E7985BDF}.AppStore|x64.Deploy.0 = Release|Any CPU
		{BD05CDCA-3999-445B-B1A1-5D12E7985BDF}.AppStore|x86.ActiveCfg = Release|Any CPU
		{BD05CDCA-3999-445B-B1A1-5D12E7985BDF}.AppStore|x86.Build.0 = Release|Any CPU
		{BD05CDCA-3999-445B-B1A1-5D12E7985BDF}.AppStore|x86.Deploy.0 = Release|Any CPU
		{BD05CDCA-3999-445B-B1A1-5D12E7985BDF}.Debug|Any CPU.ActiveCfg = Debug|Any CPU
		{BD05CDCA-3999-445B-B1A1-5D12E7985BDF}.Debug|Any CPU.Build.0 = Debug|Any CPU
		{BD05CDCA-3999-445B-B1A1-5D12E7985BDF}.Debug|Any CPU.Deploy.0 = Debug|Any CPU
		{BD05CDCA-3999-445B-B1A1-5D12E7985BDF}.Debug|ARM.ActiveCfg = Debug|Any CPU
		{BD05CDCA-3999-445B-B1A1-5D12E7985BDF}.Debug|ARM.Build.0 = Debug|Any CPU
		{BD05CDCA-3999-445B-B1A1-5D12E7985BDF}.Debug|ARM.Deploy.0 = Debug|Any CPU
		{BD05CDCA-3999-445B-B1A1-5D12E7985BDF}.Debug|iPhone.ActiveCfg = Debug|Any CPU
		{BD05CDCA-3999-445B-B1A1-5D12E7985BDF}.Debug|iPhone.Build.0 = Debug|Any CPU
		{BD05CDCA-3999-445B-B1A1-5D12E7985BDF}.Debug|iPhone.Deploy.0 = Debug|Any CPU
		{BD05CDCA-3999-445B-B1A1-5D12E7985BDF}.Debug|iPhoneSimulator.ActiveCfg = Debug|Any CPU
		{BD05CDCA-3999-445B-B1A1-5D12E7985BDF}.Debug|iPhoneSimulator.Build.0 = Debug|Any CPU
		{BD05CDCA-3999-445B-B1A1-5D12E7985BDF}.Debug|iPhoneSimulator.Deploy.0 = Debug|Any CPU
		{BD05CDCA-3999-445B-B1A1-5D12E7985BDF}.Debug|x64.ActiveCfg = Debug|Any CPU
		{BD05CDCA-3999-445B-B1A1-5D12E7985BDF}.Debug|x64.Build.0 = Debug|Any CPU
		{BD05CDCA-3999-445B-B1A1-5D12E7985BDF}.Debug|x64.Deploy.0 = Debug|Any CPU
		{BD05CDCA-3999-445B-B1A1-5D12E7985BDF}.Debug|x86.ActiveCfg = Debug|Any CPU
		{BD05CDCA-3999-445B-B1A1-5D12E7985BDF}.Debug|x86.Build.0 = Debug|Any CPU
		{BD05CDCA-3999-445B-B1A1-5D12E7985BDF}.Debug|x86.Deploy.0 = Debug|Any CPU
		{BD05CDCA-3999-445B-B1A1-5D12E7985BDF}.Release|Any CPU.ActiveCfg = Release|Any CPU
		{BD05CDCA-3999-445B-B1A1-5D12E7985BDF}.Release|Any CPU.Build.0 = Release|Any CPU
		{BD05CDCA-3999-445B-B1A1-5D12E7985BDF}.Release|Any CPU.Deploy.0 = Release|Any CPU
		{BD05CDCA-3999-445B-B1A1-5D12E7985BDF}.Release|ARM.ActiveCfg = Release|Any CPU
		{BD05CDCA-3999-445B-B1A1-5D12E7985BDF}.Release|ARM.Build.0 = Release|Any CPU
		{BD05CDCA-3999-445B-B1A1-5D12E7985BDF}.Release|ARM.Deploy.0 = Release|Any CPU
		{BD05CDCA-3999-445B-B1A1-5D12E7985BDF}.Release|iPhone.ActiveCfg = Release|Any CPU
		{BD05CDCA-3999-445B-B1A1-5D12E7985BDF}.Release|iPhone.Build.0 = Release|Any CPU
		{BD05CDCA-3999-445B-B1A1-5D12E7985BDF}.Release|iPhone.Deploy.0 = Release|Any CPU
		{BD05CDCA-3999-445B-B1A1-5D12E7985BDF}.Release|iPhoneSimulator.ActiveCfg = Release|Any CPU
		{BD05CDCA-3999-445B-B1A1-5D12E7985BDF}.Release|iPhoneSimulator.Build.0 = Release|Any CPU
		{BD05CDCA-3999-445B-B1A1-5D12E7985BDF}.Release|iPhoneSimulator.Deploy.0 = Release|Any CPU
		{BD05CDCA-3999-445B-B1A1-5D12E7985BDF}.Release|x64.ActiveCfg = Release|Any CPU
		{BD05CDCA-3999-445B-B1A1-5D12E7985BDF}.Release|x64.Build.0 = Release|Any CPU
		{BD05CDCA-3999-445B-B1A1-5D12E7985BDF}.Release|x64.Deploy.0 = Release|Any CPU
		{BD05CDCA-3999-445B-B1A1-5D12E7985BDF}.Release|x86.ActiveCfg = Release|Any CPU
		{BD05CDCA-3999-445B-B1A1-5D12E7985BDF}.Release|x86.Build.0 = Release|Any CPU
		{BD05CDCA-3999-445B-B1A1-5D12E7985BDF}.Release|x86.Deploy.0 = Release|Any CPU
		{EB9A249B-3451-4EFD-8938-CAA464C5B981}.Ad-Hoc|Any CPU.ActiveCfg = Ad-Hoc|iPhone
		{EB9A249B-3451-4EFD-8938-CAA464C5B981}.Ad-Hoc|Any CPU.Build.0 = Ad-Hoc|iPhone
		{EB9A249B-3451-4EFD-8938-CAA464C5B981}.Ad-Hoc|Any CPU.Deploy.0 = Ad-Hoc|iPhone
		{EB9A249B-3451-4EFD-8938-CAA464C5B981}.Ad-Hoc|ARM.ActiveCfg = Ad-Hoc|iPhone
		{EB9A249B-3451-4EFD-8938-CAA464C5B981}.Ad-Hoc|ARM.Build.0 = Ad-Hoc|iPhone
		{EB9A249B-3451-4EFD-8938-CAA464C5B981}.Ad-Hoc|ARM.Deploy.0 = Ad-Hoc|iPhone
		{EB9A249B-3451-4EFD-8938-CAA464C5B981}.Ad-Hoc|iPhone.ActiveCfg = Ad-Hoc|iPhone
		{EB9A249B-3451-4EFD-8938-CAA464C5B981}.Ad-Hoc|iPhone.Build.0 = Ad-Hoc|iPhone
		{EB9A249B-3451-4EFD-8938-CAA464C5B981}.Ad-Hoc|iPhone.Deploy.0 = Ad-Hoc|iPhone
		{EB9A249B-3451-4EFD-8938-CAA464C5B981}.Ad-Hoc|iPhoneSimulator.ActiveCfg = Ad-Hoc|iPhoneSimulator
		{EB9A249B-3451-4EFD-8938-CAA464C5B981}.Ad-Hoc|iPhoneSimulator.Build.0 = Ad-Hoc|iPhoneSimulator
		{EB9A249B-3451-4EFD-8938-CAA464C5B981}.Ad-Hoc|iPhoneSimulator.Deploy.0 = Ad-Hoc|iPhoneSimulator
		{EB9A249B-3451-4EFD-8938-CAA464C5B981}.Ad-Hoc|x64.ActiveCfg = Ad-Hoc|iPhone
		{EB9A249B-3451-4EFD-8938-CAA464C5B981}.Ad-Hoc|x64.Build.0 = Ad-Hoc|iPhone
		{EB9A249B-3451-4EFD-8938-CAA464C5B981}.Ad-Hoc|x64.Deploy.0 = Ad-Hoc|iPhone
		{EB9A249B-3451-4EFD-8938-CAA464C5B981}.Ad-Hoc|x86.ActiveCfg = Ad-Hoc|iPhone
		{EB9A249B-3451-4EFD-8938-CAA464C5B981}.Ad-Hoc|x86.Build.0 = Ad-Hoc|iPhone
		{EB9A249B-3451-4EFD-8938-CAA464C5B981}.Ad-Hoc|x86.Deploy.0 = Ad-Hoc|iPhone
		{EB9A249B-3451-4EFD-8938-CAA464C5B981}.AppStore|Any CPU.ActiveCfg = AppStore|iPhone
		{EB9A249B-3451-4EFD-8938-CAA464C5B981}.AppStore|Any CPU.Build.0 = AppStore|iPhone
		{EB9A249B-3451-4EFD-8938-CAA464C5B981}.AppStore|Any CPU.Deploy.0 = AppStore|iPhone
		{EB9A249B-3451-4EFD-8938-CAA464C5B981}.AppStore|ARM.ActiveCfg = AppStore|iPhone
		{EB9A249B-3451-4EFD-8938-CAA464C5B981}.AppStore|ARM.Build.0 = AppStore|iPhone
		{EB9A249B-3451-4EFD-8938-CAA464C5B981}.AppStore|ARM.Deploy.0 = AppStore|iPhone
		{EB9A249B-3451-4EFD-8938-CAA464C5B981}.AppStore|iPhone.ActiveCfg = AppStore|iPhone
		{EB9A249B-3451-4EFD-8938-CAA464C5B981}.AppStore|iPhone.Build.0 = AppStore|iPhone
		{EB9A249B-3451-4EFD-8938-CAA464C5B981}.AppStore|iPhone.Deploy.0 = AppStore|iPhone
		{EB9A249B-3451-4EFD-8938-CAA464C5B981}.AppStore|iPhoneSimulator.ActiveCfg = AppStore|iPhoneSimulator
		{EB9A249B-3451-4EFD-8938-CAA464C5B981}.AppStore|iPhoneSimulator.Build.0 = AppStore|iPhoneSimulator
		{EB9A249B-3451-4EFD-8938-CAA464C5B981}.AppStore|iPhoneSimulator.Deploy.0 = AppStore|iPhoneSimulator
		{EB9A249B-3451-4EFD-8938-CAA464C5B981}.AppStore|x64.ActiveCfg = AppStore|iPhone
		{EB9A249B-3451-4EFD-8938-CAA464C5B981}.AppStore|x64.Build.0 = AppStore|iPhone
		{EB9A249B-3451-4EFD-8938-CAA464C5B981}.AppStore|x64.Deploy.0 = AppStore|iPhone
		{EB9A249B-3451-4EFD-8938-CAA464C5B981}.AppStore|x86.ActiveCfg = AppStore|iPhone
		{EB9A249B-3451-4EFD-8938-CAA464C5B981}.AppStore|x86.Build.0 = AppStore|iPhone
		{EB9A249B-3451-4EFD-8938-CAA464C5B981}.AppStore|x86.Deploy.0 = AppStore|iPhone
		{EB9A249B-3451-4EFD-8938-CAA464C5B981}.Debug|Any CPU.ActiveCfg = Debug|iPhoneSimulator
		{EB9A249B-3451-4EFD-8938-CAA464C5B981}.Debug|Any CPU.Build.0 = Debug|iPhoneSimulator
		{EB9A249B-3451-4EFD-8938-CAA464C5B981}.Debug|Any CPU.Deploy.0 = Debug|iPhoneSimulator
		{EB9A249B-3451-4EFD-8938-CAA464C5B981}.Debug|ARM.ActiveCfg = Debug|iPhone
		{EB9A249B-3451-4EFD-8938-CAA464C5B981}.Debug|ARM.Build.0 = Debug|iPhone
		{EB9A249B-3451-4EFD-8938-CAA464C5B981}.Debug|ARM.Deploy.0 = Debug|iPhone
		{EB9A249B-3451-4EFD-8938-CAA464C5B981}.Debug|iPhone.ActiveCfg = Debug|iPhone
		{EB9A249B-3451-4EFD-8938-CAA464C5B981}.Debug|iPhone.Build.0 = Debug|iPhone
		{EB9A249B-3451-4EFD-8938-CAA464C5B981}.Debug|iPhone.Deploy.0 = Debug|iPhone
		{EB9A249B-3451-4EFD-8938-CAA464C5B981}.Debug|iPhoneSimulator.ActiveCfg = Debug|iPhoneSimulator
		{EB9A249B-3451-4EFD-8938-CAA464C5B981}.Debug|iPhoneSimulator.Build.0 = Debug|iPhoneSimulator
		{EB9A249B-3451-4EFD-8938-CAA464C5B981}.Debug|iPhoneSimulator.Deploy.0 = Debug|iPhoneSimulator
		{EB9A249B-3451-4EFD-8938-CAA464C5B981}.Debug|x64.ActiveCfg = Debug|iPhone
		{EB9A249B-3451-4EFD-8938-CAA464C5B981}.Debug|x64.Build.0 = Debug|iPhone
		{EB9A249B-3451-4EFD-8938-CAA464C5B981}.Debug|x64.Deploy.0 = Debug|iPhone
		{EB9A249B-3451-4EFD-8938-CAA464C5B981}.Debug|x86.ActiveCfg = Debug|iPhone
		{EB9A249B-3451-4EFD-8938-CAA464C5B981}.Debug|x86.Build.0 = Debug|iPhone
		{EB9A249B-3451-4EFD-8938-CAA464C5B981}.Debug|x86.Deploy.0 = Debug|iPhone
		{EB9A249B-3451-4EFD-8938-CAA464C5B981}.Release|Any CPU.ActiveCfg = Release|iPhone
		{EB9A249B-3451-4EFD-8938-CAA464C5B981}.Release|Any CPU.Build.0 = Release|iPhone
		{EB9A249B-3451-4EFD-8938-CAA464C5B981}.Release|Any CPU.Deploy.0 = Release|iPhone
		{EB9A249B-3451-4EFD-8938-CAA464C5B981}.Release|ARM.ActiveCfg = Release|iPhone
		{EB9A249B-3451-4EFD-8938-CAA464C5B981}.Release|ARM.Build.0 = Release|iPhone
		{EB9A249B-3451-4EFD-8938-CAA464C5B981}.Release|ARM.Deploy.0 = Release|iPhone
		{EB9A249B-3451-4EFD-8938-CAA464C5B981}.Release|iPhone.ActiveCfg = Release|iPhone
		{EB9A249B-3451-4EFD-8938-CAA464C5B981}.Release|iPhone.Build.0 = Release|iPhone
		{EB9A249B-3451-4EFD-8938-CAA464C5B981}.Release|iPhone.Deploy.0 = Release|iPhone
		{EB9A249B-3451-4EFD-8938-CAA464C5B981}.Release|iPhoneSimulator.ActiveCfg = Release|iPhoneSimulator
		{EB9A249B-3451-4EFD-8938-CAA464C5B981}.Release|iPhoneSimulator.Build.0 = Release|iPhoneSimulator
		{EB9A249B-3451-4EFD-8938-CAA464C5B981}.Release|iPhoneSimulator.Deploy.0 = Release|iPhoneSimulator
		{EB9A249B-3451-4EFD-8938-CAA464C5B981}.Release|x64.ActiveCfg = Release|iPhone
		{EB9A249B-3451-4EFD-8938-CAA464C5B981}.Release|x64.Build.0 = Release|iPhone
		{EB9A249B-3451-4EFD-8938-CAA464C5B981}.Release|x64.Deploy.0 = Release|iPhone
		{EB9A249B-3451-4EFD-8938-CAA464C5B981}.Release|x86.ActiveCfg = Release|iPhone
		{EB9A249B-3451-4EFD-8938-CAA464C5B981}.Release|x86.Build.0 = Release|iPhone
		{EB9A249B-3451-4EFD-8938-CAA464C5B981}.Release|x86.Deploy.0 = Release|iPhone
		{5E4ACAD1-59F4-4C23-B8BF-1AB633AD597B}.Ad-Hoc|Any CPU.ActiveCfg = Release|x86
		{5E4ACAD1-59F4-4C23-B8BF-1AB633AD597B}.Ad-Hoc|Any CPU.Build.0 = Release|x86
		{5E4ACAD1-59F4-4C23-B8BF-1AB633AD597B}.Ad-Hoc|Any CPU.Deploy.0 = Release|x86
		{5E4ACAD1-59F4-4C23-B8BF-1AB633AD597B}.Ad-Hoc|ARM.ActiveCfg = Release|ARM
		{5E4ACAD1-59F4-4C23-B8BF-1AB633AD597B}.Ad-Hoc|ARM.Build.0 = Release|ARM
		{5E4ACAD1-59F4-4C23-B8BF-1AB633AD597B}.Ad-Hoc|ARM.Deploy.0 = Release|ARM
		{5E4ACAD1-59F4-4C23-B8BF-1AB633AD597B}.Ad-Hoc|iPhone.ActiveCfg = Release|x86
		{5E4ACAD1-59F4-4C23-B8BF-1AB633AD597B}.Ad-Hoc|iPhone.Build.0 = Release|x86
		{5E4ACAD1-59F4-4C23-B8BF-1AB633AD597B}.Ad-Hoc|iPhone.Deploy.0 = Release|x86
		{5E4ACAD1-59F4-4C23-B8BF-1AB633AD597B}.Ad-Hoc|iPhoneSimulator.ActiveCfg = Release|x86
		{5E4ACAD1-59F4-4C23-B8BF-1AB633AD597B}.Ad-Hoc|iPhoneSimulator.Build.0 = Release|x86
		{5E4ACAD1-59F4-4C23-B8BF-1AB633AD597B}.Ad-Hoc|iPhoneSimulator.Deploy.0 = Release|x86
		{5E4ACAD1-59F4-4C23-B8BF-1AB633AD597B}.Ad-Hoc|x64.ActiveCfg = Release|x64
		{5E4ACAD1-59F4-4C23-B8BF-1AB633AD597B}.Ad-Hoc|x64.Build.0 = Release|x64
		{5E4ACAD1-59F4-4C23-B8BF-1AB633AD597B}.Ad-Hoc|x64.Deploy.0 = Release|x64
		{5E4ACAD1-59F4-4C23-B8BF-1AB633AD597B}.Ad-Hoc|x86.ActiveCfg = Release|x86
		{5E4ACAD1-59F4-4C23-B8BF-1AB633AD597B}.Ad-Hoc|x86.Build.0 = Release|x86
		{5E4ACAD1-59F4-4C23-B8BF-1AB633AD597B}.Ad-Hoc|x86.Deploy.0 = Release|x86
		{5E4ACAD1-59F4-4C23-B8BF-1AB633AD597B}.AppStore|Any CPU.ActiveCfg = Release|x86
		{5E4ACAD1-59F4-4C23-B8BF-1AB633AD597B}.AppStore|Any CPU.Build.0 = Release|x86
		{5E4ACAD1-59F4-4C23-B8BF-1AB633AD597B}.AppStore|Any CPU.Deploy.0 = Release|x86
		{5E4ACAD1-59F4-4C23-B8BF-1AB633AD597B}.AppStore|ARM.ActiveCfg = Release|ARM
		{5E4ACAD1-59F4-4C23-B8BF-1AB633AD597B}.AppStore|ARM.Build.0 = Release|ARM
		{5E4ACAD1-59F4-4C23-B8BF-1AB633AD597B}.AppStore|ARM.Deploy.0 = Release|ARM
		{5E4ACAD1-59F4-4C23-B8BF-1AB633AD597B}.AppStore|iPhone.ActiveCfg = Release|x86
		{5E4ACAD1-59F4-4C23-B8BF-1AB633AD597B}.AppStore|iPhone.Build.0 = Release|x86
		{5E4ACAD1-59F4-4C23-B8BF-1AB633AD597B}.AppStore|iPhone.Deploy.0 = Release|x86
		{5E4ACAD1-59F4-4C23-B8BF-1AB633AD597B}.AppStore|iPhoneSimulator.ActiveCfg = Release|x86
		{5E4ACAD1-59F4-4C23-B8BF-1AB633AD597B}.AppStore|iPhoneSimulator.Build.0 = Release|x86
		{5E4ACAD1-59F4-4C23-B8BF-1AB633AD597B}.AppStore|iPhoneSimulator.Deploy.0 = Release|x86
		{5E4ACAD1-59F4-4C23-B8BF-1AB633AD597B}.AppStore|x64.ActiveCfg = Release|x64
		{5E4ACAD1-59F4-4C23-B8BF-1AB633AD597B}.AppStore|x64.Build.0 = Release|x64
		{5E4ACAD1-59F4-4C23-B8BF-1AB633AD597B}.AppStore|x64.Deploy.0 = Release|x64
		{5E4ACAD1-59F4-4C23-B8BF-1AB633AD597B}.AppStore|x86.ActiveCfg = Release|x86
		{5E4ACAD1-59F4-4C23-B8BF-1AB633AD597B}.AppStore|x86.Build.0 = Release|x86
		{5E4ACAD1-59F4-4C23-B8BF-1AB633AD597B}.AppStore|x86.Deploy.0 = Release|x86
		{5E4ACAD1-59F4-4C23-B8BF-1AB633AD597B}.Debug|Any CPU.ActiveCfg = Debug|x86
		{5E4ACAD1-59F4-4C23-B8BF-1AB633AD597B}.Debug|Any CPU.Build.0 = Debug|x86
		{5E4ACAD1-59F4-4C23-B8BF-1AB633AD597B}.Debug|Any CPU.Deploy.0 = Debug|x86
		{5E4ACAD1-59F4-4C23-B8BF-1AB633AD597B}.Debug|ARM.ActiveCfg = Debug|ARM
		{5E4ACAD1-59F4-4C23-B8BF-1AB633AD597B}.Debug|ARM.Build.0 = Debug|ARM
		{5E4ACAD1-59F4-4C23-B8BF-1AB633AD597B}.Debug|ARM.Deploy.0 = Debug|ARM
		{5E4ACAD1-59F4-4C23-B8BF-1AB633AD597B}.Debug|iPhone.ActiveCfg = Debug|x86
		{5E4ACAD1-59F4-4C23-B8BF-1AB633AD597B}.Debug|iPhone.Build.0 = Debug|x86
		{5E4ACAD1-59F4-4C23-B8BF-1AB633AD597B}.Debug|iPhone.Deploy.0 = Debug|x86
		{5E4ACAD1-59F4-4C23-B8BF-1AB633AD597B}.Debug|iPhoneSimulator.ActiveCfg = Debug|x86
		{5E4ACAD1-59F4-4C23-B8BF-1AB633AD597B}.Debug|iPhoneSimulator.Build.0 = Debug|x86
		{5E4ACAD1-59F4-4C23-B8BF-1AB633AD597B}.Debug|iPhoneSimulator.Deploy.0 = Debug|x86
		{5E4ACAD1-59F4-4C23-B8BF-1AB633AD597B}.Debug|x64.ActiveCfg = Debug|x64
		{5E4ACAD1-59F4-4C23-B8BF-1AB633AD597B}.Debug|x64.Build.0 = Debug|x64
		{5E4ACAD1-59F4-4C23-B8BF-1AB633AD597B}.Debug|x64.Deploy.0 = Debug|x64
		{5E4ACAD1-59F4-4C23-B8BF-1AB633AD597B}.Debug|x86.ActiveCfg = Debug|x86
		{5E4ACAD1-59F4-4C23-B8BF-1AB633AD597B}.Debug|x86.Build.0 = Debug|x86
		{5E4ACAD1-59F4-4C23-B8BF-1AB633AD597B}.Debug|x86.Deploy.0 = Debug|x86
		{5E4ACAD1-59F4-4C23-B8BF-1AB633AD597B}.Release|Any CPU.ActiveCfg = Release|x86
		{5E4ACAD1-59F4-4C23-B8BF-1AB633AD597B}.Release|Any CPU.Build.0 = Release|x86
		{5E4ACAD1-59F4-4C23-B8BF-1AB633AD597B}.Release|Any CPU.Deploy.0 = Release|x86
		{5E4ACAD1-59F4-4C23-B8BF-1AB633AD597B}.Release|ARM.ActiveCfg = Release|ARM
		{5E4ACAD1-59F4-4C23-B8BF-1AB633AD597B}.Release|ARM.Build.0 = Release|ARM
		{5E4ACAD1-59F4-4C23-B8BF-1AB633AD597B}.Release|ARM.Deploy.0 = Release|ARM
		{5E4ACAD1-59F4-4C23-B8BF-1AB633AD597B}.Release|iPhone.ActiveCfg = Release|x86
		{5E4ACAD1-59F4-4C23-B8BF-1AB633AD597B}.Release|iPhone.Build.0 = Release|x86
		{5E4ACAD1-59F4-4C23-B8BF-1AB633AD597B}.Release|iPhone.Deploy.0 = Release|x86
		{5E4ACAD1-59F4-4C23-B8BF-1AB633AD597B}.Release|iPhoneSimulator.ActiveCfg = Release|x86
		{5E4ACAD1-59F4-4C23-B8BF-1AB633AD597B}.Release|iPhoneSimulator.Build.0 = Release|x86
		{5E4ACAD1-59F4-4C23-B8BF-1AB633AD597B}.Release|iPhoneSimulator.Deploy.0 = Release|x86
		{5E4ACAD1-59F4-4C23-B8BF-1AB633AD597B}.Release|x64.ActiveCfg = Release|x64
		{5E4ACAD1-59F4-4C23-B8BF-1AB633AD597B}.Release|x64.Build.0 = Release|x64
		{5E4ACAD1-59F4-4C23-B8BF-1AB633AD597B}.Release|x64.Deploy.0 = Release|x64
		{5E4ACAD1-59F4-4C23-B8BF-1AB633AD597B}.Release|x86.ActiveCfg = Release|x86
		{5E4ACAD1-59F4-4C23-B8BF-1AB633AD597B}.Release|x86.Build.0 = Release|x86
		{5E4ACAD1-59F4-4C23-B8BF-1AB633AD597B}.Release|x86.Deploy.0 = Release|x86
		{E6F58BF9-36AD-4976-9052-4B8704F21B4B}.Ad-Hoc|Any CPU.ActiveCfg = Debug|Any CPU
		{E6F58BF9-36AD-4976-9052-4B8704F21B4B}.Ad-Hoc|Any CPU.Build.0 = Debug|Any CPU
		{E6F58BF9-36AD-4976-9052-4B8704F21B4B}.Ad-Hoc|Any CPU.Deploy.0 = Debug|Any CPU
		{E6F58BF9-36AD-4976-9052-4B8704F21B4B}.Ad-Hoc|ARM.ActiveCfg = Debug|Any CPU
		{E6F58BF9-36AD-4976-9052-4B8704F21B4B}.Ad-Hoc|ARM.Build.0 = Debug|Any CPU
		{E6F58BF9-36AD-4976-9052-4B8704F21B4B}.Ad-Hoc|ARM.Deploy.0 = Debug|Any CPU
		{E6F58BF9-36AD-4976-9052-4B8704F21B4B}.Ad-Hoc|iPhone.ActiveCfg = Debug|Any CPU
		{E6F58BF9-36AD-4976-9052-4B8704F21B4B}.Ad-Hoc|iPhone.Build.0 = Debug|Any CPU
		{E6F58BF9-36AD-4976-9052-4B8704F21B4B}.Ad-Hoc|iPhone.Deploy.0 = Debug|Any CPU
		{E6F58BF9-36AD-4976-9052-4B8704F21B4B}.Ad-Hoc|iPhoneSimulator.ActiveCfg = Debug|Any CPU
		{E6F58BF9-36AD-4976-9052-4B8704F21B4B}.Ad-Hoc|iPhoneSimulator.Build.0 = Debug|Any CPU
		{E6F58BF9-36AD-4976-9052-4B8704F21B4B}.Ad-Hoc|iPhoneSimulator.Deploy.0 = Debug|Any CPU
		{E6F58BF9-36AD-4976-9052-4B8704F21B4B}.Ad-Hoc|x64.ActiveCfg = Debug|Any CPU
		{E6F58BF9-36AD-4976-9052-4B8704F21B4B}.Ad-Hoc|x64.Build.0 = Debug|Any CPU
		{E6F58BF9-36AD-4976-9052-4B8704F21B4B}.Ad-Hoc|x64.Deploy.0 = Debug|Any CPU
		{E6F58BF9-36AD-4976-9052-4B8704F21B4B}.Ad-Hoc|x86.ActiveCfg = Debug|Any CPU
		{E6F58BF9-36AD-4976-9052-4B8704F21B4B}.Ad-Hoc|x86.Build.0 = Debug|Any CPU
		{E6F58BF9-36AD-4976-9052-4B8704F21B4B}.Ad-Hoc|x86.Deploy.0 = Debug|Any CPU
		{E6F58BF9-36AD-4976-9052-4B8704F21B4B}.AppStore|Any CPU.ActiveCfg = Debug|Any CPU
		{E6F58BF9-36AD-4976-9052-4B8704F21B4B}.AppStore|Any CPU.Build.0 = Debug|Any CPU
		{E6F58BF9-36AD-4976-9052-4B8704F21B4B}.AppStore|Any CPU.Deploy.0 = Debug|Any CPU
		{E6F58BF9-36AD-4976-9052-4B8704F21B4B}.AppStore|ARM.ActiveCfg = Debug|Any CPU
		{E6F58BF9-36AD-4976-9052-4B8704F21B4B}.AppStore|ARM.Build.0 = Debug|Any CPU
		{E6F58BF9-36AD-4976-9052-4B8704F21B4B}.AppStore|ARM.Deploy.0 = Debug|Any CPU
		{E6F58BF9-36AD-4976-9052-4B8704F21B4B}.AppStore|iPhone.ActiveCfg = Debug|Any CPU
		{E6F58BF9-36AD-4976-9052-4B8704F21B4B}.AppStore|iPhone.Build.0 = Debug|Any CPU
		{E6F58BF9-36AD-4976-9052-4B8704F21B4B}.AppStore|iPhone.Deploy.0 = Debug|Any CPU
		{E6F58BF9-36AD-4976-9052-4B8704F21B4B}.AppStore|iPhoneSimulator.ActiveCfg = Debug|Any CPU
		{E6F58BF9-36AD-4976-9052-4B8704F21B4B}.AppStore|iPhoneSimulator.Build.0 = Debug|Any CPU
		{E6F58BF9-36AD-4976-9052-4B8704F21B4B}.AppStore|iPhoneSimulator.Deploy.0 = Debug|Any CPU
		{E6F58BF9-36AD-4976-9052-4B8704F21B4B}.AppStore|x64.ActiveCfg = Debug|Any CPU
		{E6F58BF9-36AD-4976-9052-4B8704F21B4B}.AppStore|x64.Build.0 = Debug|Any CPU
		{E6F58BF9-36AD-4976-9052-4B8704F21B4B}.AppStore|x64.Deploy.0 = Debug|Any CPU
		{E6F58BF9-36AD-4976-9052-4B8704F21B4B}.AppStore|x86.ActiveCfg = Debug|Any CPU
		{E6F58BF9-36AD-4976-9052-4B8704F21B4B}.AppStore|x86.Build.0 = Debug|Any CPU
		{E6F58BF9-36AD-4976-9052-4B8704F21B4B}.AppStore|x86.Deploy.0 = Debug|Any CPU
		{E6F58BF9-36AD-4976-9052-4B8704F21B4B}.Debug|Any CPU.ActiveCfg = Debug|Any CPU
		{E6F58BF9-36AD-4976-9052-4B8704F21B4B}.Debug|Any CPU.Build.0 = Debug|Any CPU
		{E6F58BF9-36AD-4976-9052-4B8704F21B4B}.Debug|Any CPU.Deploy.0 = Debug|Any CPU
		{E6F58BF9-36AD-4976-9052-4B8704F21B4B}.Debug|ARM.ActiveCfg = Debug|Any CPU
		{E6F58BF9-36AD-4976-9052-4B8704F21B4B}.Debug|ARM.Build.0 = Debug|Any CPU
		{E6F58BF9-36AD-4976-9052-4B8704F21B4B}.Debug|ARM.Deploy.0 = Debug|Any CPU
		{E6F58BF9-36AD-4976-9052-4B8704F21B4B}.Debug|iPhone.ActiveCfg = Debug|Any CPU
		{E6F58BF9-36AD-4976-9052-4B8704F21B4B}.Debug|iPhone.Build.0 = Debug|Any CPU
		{E6F58BF9-36AD-4976-9052-4B8704F21B4B}.Debug|iPhone.Deploy.0 = Debug|Any CPU
		{E6F58BF9-36AD-4976-9052-4B8704F21B4B}.Debug|iPhoneSimulator.ActiveCfg = Debug|Any CPU
		{E6F58BF9-36AD-4976-9052-4B8704F21B4B}.Debug|iPhoneSimulator.Build.0 = Debug|Any CPU
		{E6F58BF9-36AD-4976-9052-4B8704F21B4B}.Debug|iPhoneSimulator.Deploy.0 = Debug|Any CPU
		{E6F58BF9-36AD-4976-9052-4B8704F21B4B}.Debug|x64.ActiveCfg = Debug|Any CPU
		{E6F58BF9-36AD-4976-9052-4B8704F21B4B}.Debug|x64.Build.0 = Debug|Any CPU
		{E6F58BF9-36AD-4976-9052-4B8704F21B4B}.Debug|x64.Deploy.0 = Debug|Any CPU
		{E6F58BF9-36AD-4976-9052-4B8704F21B4B}.Debug|x86.ActiveCfg = Debug|Any CPU
		{E6F58BF9-36AD-4976-9052-4B8704F21B4B}.Debug|x86.Build.0 = Debug|Any CPU
		{E6F58BF9-36AD-4976-9052-4B8704F21B4B}.Debug|x86.Deploy.0 = Debug|Any CPU
		{E6F58BF9-36AD-4976-9052-4B8704F21B4B}.Release|Any CPU.ActiveCfg = Release|Any CPU
		{E6F58BF9-36AD-4976-9052-4B8704F21B4B}.Release|Any CPU.Build.0 = Release|Any CPU
		{E6F58BF9-36AD-4976-9052-4B8704F21B4B}.Release|Any CPU.Deploy.0 = Release|Any CPU
		{E6F58BF9-36AD-4976-9052-4B8704F21B4B}.Release|ARM.ActiveCfg = Release|Any CPU
		{E6F58BF9-36AD-4976-9052-4B8704F21B4B}.Release|ARM.Build.0 = Release|Any CPU
		{E6F58BF9-36AD-4976-9052-4B8704F21B4B}.Release|ARM.Deploy.0 = Release|Any CPU
		{E6F58BF9-36AD-4976-9052-4B8704F21B4B}.Release|iPhone.ActiveCfg = Release|Any CPU
		{E6F58BF9-36AD-4976-9052-4B8704F21B4B}.Release|iPhone.Build.0 = Release|Any CPU
		{E6F58BF9-36AD-4976-9052-4B8704F21B4B}.Release|iPhone.Deploy.0 = Release|Any CPU
		{E6F58BF9-36AD-4976-9052-4B8704F21B4B}.Release|iPhoneSimulator.ActiveCfg = Release|Any CPU
		{E6F58BF9-36AD-4976-9052-4B8704F21B4B}.Release|iPhoneSimulator.Build.0 = Release|Any CPU
		{E6F58BF9-36AD-4976-9052-4B8704F21B4B}.Release|iPhoneSimulator.Deploy.0 = Release|Any CPU
		{E6F58BF9-36AD-4976-9052-4B8704F21B4B}.Release|x64.ActiveCfg = Release|Any CPU
		{E6F58BF9-36AD-4976-9052-4B8704F21B4B}.Release|x64.Build.0 = Release|Any CPU
		{E6F58BF9-36AD-4976-9052-4B8704F21B4B}.Release|x64.Deploy.0 = Release|Any CPU
		{E6F58BF9-36AD-4976-9052-4B8704F21B4B}.Release|x86.ActiveCfg = Release|Any CPU
		{E6F58BF9-36AD-4976-9052-4B8704F21B4B}.Release|x86.Build.0 = Release|Any CPU
		{E6F58BF9-36AD-4976-9052-4B8704F21B4B}.Release|x86.Deploy.0 = Release|Any CPU
	EndGlobalSection
	GlobalSection(SolutionProperties) = preSolution
		HideSolutionNode = FALSE
	EndGlobalSection
	GlobalSection(ExtensibilityGlobals) = postSolution
		SolutionGuid = {8F2A484C-6B41-47D2-B06C-1EAFB38C3ECC}
	EndGlobalSection
EndGlobal
